<?xml version="1.0" encoding="utf-8"?>
<Project ToolsVersion="4.0" xmlns="http://schemas.microsoft.com/developer/msbuild/2003">
  <ItemGroup>
    <Filter Include="Source Files">
      <UniqueIdentifier>{4FC737F1-C7A5-4376-A066-2A32D752A2FF}</UniqueIdentifier>
      <Extensions>cpp;c;cc;cxx;def;odl;idl;hpj;bat;asm;asmx</Extensions>
    </Filter>
    <Filter Include="Header Files">
      <UniqueIdentifier>{93995380-89BD-4b04-88EB-625FBE52EBFB}</UniqueIdentifier>
      <Extensions>h;hh;hpp;hxx;hm;inl;inc;ipp;xsd</Extensions>
    </Filter>
    <Filter Include="Resource Files">
      <UniqueIdentifier>{67DA6AB6-F800-4c08-8B7A-83BB121AAD01}</UniqueIdentifier>
      <Extensions>rc;ico;cur;bmp;dlg;rc2;rct;bin;rgs;gif;jpg;jpeg;jpe;resx;tiff;tif;png;wav;mfcribbon-ms</Extensions>
    </Filter>
    <Filter Include="Resource Files\Player">
      <UniqueIdentifier>{0d5f1dc1-6c8a-4a9f-aa3c-0bb372f504e7}</UniqueIdentifier>
    </Filter>
    <Filter Include="Header Files\Player">
      <UniqueIdentifier>{d7a01c48-253c-42b6-a049-8618e2d23972}</UniqueIdentifier>
    </Filter>
    <Filter Include="Header Files\map">
      <UniqueIdentifier>{807ee1a4-f522-4017-b56b-8eaf8fbcd57f}</UniqueIdentifier>
    </Filter>
    <Filter Include="Resource Files\map">
      <UniqueIdentifier>{e4126e79-7bd3-46a1-bc3c-272ad08ec4b4}</UniqueIdentifier>
    </Filter>
    <Filter Include="Resource Files\Menu">
      <UniqueIdentifier>{3b2e0c10-84d4-4dcc-a9ef-f0a5425ccf80}</UniqueIdentifier>
    </Filter>
    <Filter Include="Header Files\Menu">
      <UniqueIdentifier>{b433fa98-81c9-4fb1-bd08-dde21820ee9f}</UniqueIdentifier>
    </Filter>
  </ItemGroup>
  <ItemGroup>
    <ClCompile Include="main.cpp">
      <Filter>Source Files</Filter>
    </ClCompile>
    <ClCompile Include="Gravity.cpp">
      <Filter>Resource Files</Filter>
    </ClCompile>
    <ClCompile Include="Collision.cpp">
      <Filter>Resource Files</Filter>
    </ClCompile>
    <ClCompile Include="MouseDirections.cpp">
      <Filter>Resource Files</Filter>
    </ClCompile>
    <ClCompile Include="Player.cpp">
      <Filter>Resource Files\Player</Filter>
    </ClCompile>
    <ClCompile Include="Bullet.cpp">
      <Filter>Resource Files\Player</Filter>
    </ClCompile>
    <ClCompile Include="entrance.cpp">
      <Filter>Resource Files\map</Filter>
    </ClCompile>
    <ClCompile Include="Settings.cpp">
      <Filter>Resource Files</Filter>
    </ClCompile>
    <ClCompile Include="Enemy.cpp">
      <Filter>Resource Files</Filter>
    </ClCompile>
    <ClCompile Include="Animations.cpp">
      <Filter>Resource Files</Filter>
    </ClCompile>
    <ClCompile Include="JetPack.cpp">
      <Filter>Resource Files\Player</Filter>
    </ClCompile>
    <ClCompile Include="Box.cpp">
      <Filter>Resource Files\map</Filter>
    </ClCompile>
    <ClCompile Include="Menu.cpp">
      <Filter>Resource Files\Menu</Filter>
    </ClCompile>
  </ItemGroup>
  <ItemGroup>
    <ClInclude Include="Gravity.h">
      <Filter>Header Files</Filter>
    </ClInclude>
    <ClInclude Include="collision.h">
      <Filter>Header Files</Filter>
    </ClInclude>
    <ClInclude Include="MouseDirections.h">
      <Filter>Header Files</Filter>
    </ClInclude>
    <ClInclude Include="Bullet.h">
      <Filter>Header Files\Player</Filter>
    </ClInclude>
    <ClInclude Include="Player.h">
      <Filter>Header Files\Player</Filter>
    </ClInclude>
    <ClInclude Include="entrance.h">
      <Filter>Header Files\map</Filter>
    </ClInclude>
    <ClInclude Include="Box.h">
      <Filter>Header Files</Filter>
    </ClInclude>
    <ClInclude Include="Settings.h">
      <Filter>Header Files</Filter>
    </ClInclude>
    <ClInclude Include="Enemy.h">
      <Filter>Header Files</Filter>
    </ClInclude>
    <ClInclude Include="Animations.h">
      <Filter>Header Files</Filter>
    </ClInclude>
    <ClInclude Include="JetPack.h">
      <Filter>Header Files\Player</Filter>
    </ClInclude>
    <ClInclude Include="Menu.h">
      <Filter>Header Files\Menu</Filter>
    </ClInclude>
  </ItemGroup>
</Project>