
Microsoft Visual Studio Solution File, Format Version 12.00
# Visual Studio 15
VisualStudioVersion = 15.0.27428.2005
MinimumVisualStudioVersion = 10.0.40219.1
Project("{8BC9CEB8-8B4A-11D0-8D11-00A0C91BC942}") = "Iro In The Dark Chamber", "Iro In The Dark Chamber.vcxproj", "{A1E1ADAF-64F3-4484-B34B-7C6298EC1318}"
EndProject
Global
	GlobalSection(SolutionConfigurationPlatforms) = preSolution
		Debug|x64 = Debug|x64
		Debug|x86 = Debug|x86
		Release|x64 = Release|x64
		Release|x86 = Release|x86
	EndGlobalSection
	GlobalSection(ProjectConfigurationPlatforms) = postSolution
		{A1E1ADAF-64F3-4484-B34B-7C6298EC1318}.Debug|x64.ActiveCfg = Debug|x64
		{A1E1ADAF-64F3-4484-B34B-7C6298EC1318}.Debug|x64.Build.0 = Debug|x64
		{A1E1ADAF-64F3-4484-B34B-7C6298EC1318}.Debug|x86.ActiveCfg = Debug|Win32
		{A1E1ADAF-64F3-4484-B34B-7C6298EC1318}.Debug|x86.Build.0 = Debug|Win32
		{A1E1ADAF-64F3-4484-B34B-7C6298EC1318}.Release|x64.ActiveCfg = Release|x64
		{A1E1ADAF-64F3-4484-B34B-7C6298EC1318}.Release|x64.Build.0 = Release|x64
		{A1E1ADAF-64F3-4484-B34B-7C6298EC1318}.Release|x86.ActiveCfg = Release|Win32
		{A1E1ADAF-64F3-4484-B34B-7C6298EC1318}.Release|x86.Build.0 = Release|Win32
	EndGlobalSection
	GlobalSection(SolutionProperties) = preSolution
		HideSolutionNode = FALSE
	EndGlobalSection
	GlobalSection(ExtensibilityGlobals) = postSolution
		SolutionGuid = {B6D4F09B-9212-4BC1-A87A-6A119213DE15}
	EndGlobalSection
EndGlobal
