
Microsoft Visual Studio Solution File, Format Version 12.00
# Visual Studio 15
VisualStudioVersion = 15.0.27428.2043
MinimumVisualStudioVersion = 10.0.40219.1
Project("{8BC9CEB8-8B4A-11D0-8D11-00A0C91BC942}") = "Iro And The Light Forest", "Iro And The Light Forest\Iro And The Light Forest.vcxproj", "{5F45DB97-4E7E-47F5-B924-32CA46A6B60D}"
EndProject
Global
	GlobalSection(SolutionConfigurationPlatforms) = preSolution
		Debug|x64 = Debug|x64
		Debug|x86 = Debug|x86
		Release|x64 = Release|x64
		Release|x86 = Release|x86
	EndGlobalSection
	GlobalSection(ProjectConfigurationPlatforms) = postSolution
		{5F45DB97-4E7E-47F5-B924-32CA46A6B60D}.Debug|x64.ActiveCfg = Debug|x64
		{5F45DB97-4E7E-47F5-B924-32CA46A6B60D}.Debug|x64.Build.0 = Debug|x64
		{5F45DB97-4E7E-47F5-B924-32CA46A6B60D}.Debug|x86.ActiveCfg = Debug|Win32
		{5F45DB97-4E7E-47F5-B924-32CA46A6B60D}.Debug|x86.Build.0 = Debug|Win32
		{5F45DB97-4E7E-47F5-B924-32CA46A6B60D}.Release|x64.ActiveCfg = Release|x64
		{5F45DB97-4E7E-47F5-B924-32CA46A6B60D}.Release|x64.Build.0 = Release|x64
		{5F45DB97-4E7E-47F5-B924-32CA46A6B60D}.Release|x86.ActiveCfg = Release|Win32
		{5F45DB97-4E7E-47F5-B924-32CA46A6B60D}.Release|x86.Build.0 = Release|Win32
	EndGlobalSection
	GlobalSection(SolutionProperties) = preSolution
		HideSolutionNode = FALSE
	EndGlobalSection
	GlobalSection(ExtensibilityGlobals) = postSolution
		SolutionGuid = {C1CC7BA0-54E0-4AF5-9085-C9C3F9DBAC79}
	EndGlobalSection
EndGlobal
